
Microsoft Visual Studio Solution File, Format Version 12.00
# Visual Studio Version 17
VisualStudioVersion = 17.7.34024.191
MinimumVisualStudioVersion = 10.0.40219.1
Project("{9A19103F-16F7-4668-BE54-9A1E7A4F7556}") = "TALPA", "TALPA\TALPA.csproj", "{15D9A690-27B4-4026-A1A2-5507DF0A5A22}"
EndProject
Project("{9A19103F-16F7-4668-BE54-9A1E7A4F7556}") = "DAL", "DAL\DAL.csproj", "{55392A94-CF8F-47CC-8EF8-228F8D70F5B0}"
EndProject
Project("{9A19103F-16F7-4668-BE54-9A1E7A4F7556}") = "BLL", "BLL\BLL.csproj", "{47566E11-D154-4526-A1A0-54F5BDF77478}"
EndProject
Project("{FAE04EC0-301F-11D3-BF4B-00C04F79EFBC}") = "UnitTests", "UnitTests\UnitTests.csproj", "{DE4A8BAF-5B40-4905-A802-B132863DDACE}"
EndProject
Global
	GlobalSection(SolutionConfigurationPlatforms) = preSolution
		Debug|Any CPU = Debug|Any CPU
		Release|Any CPU = Release|Any CPU
	EndGlobalSection
	GlobalSection(ProjectConfigurationPlatforms) = postSolution
		{15D9A690-27B4-4026-A1A2-5507DF0A5A22}.Debug|Any CPU.ActiveCfg = Debug|Any CPU
		{15D9A690-27B4-4026-A1A2-5507DF0A5A22}.Debug|Any CPU.Build.0 = Debug|Any CPU
		{15D9A690-27B4-4026-A1A2-5507DF0A5A22}.Release|Any CPU.ActiveCfg = Release|Any CPU
		{15D9A690-27B4-4026-A1A2-5507DF0A5A22}.Release|Any CPU.Build.0 = Release|Any CPU
		{55392A94-CF8F-47CC-8EF8-228F8D70F5B0}.Debug|Any CPU.ActiveCfg = Debug|Any CPU
		{55392A94-CF8F-47CC-8EF8-228F8D70F5B0}.Debug|Any CPU.Build.0 = Debug|Any CPU
		{55392A94-CF8F-47CC-8EF8-228F8D70F5B0}.Release|Any CPU.ActiveCfg = Release|Any CPU
		{55392A94-CF8F-47CC-8EF8-228F8D70F5B0}.Release|Any CPU.Build.0 = Release|Any CPU
		{47566E11-D154-4526-A1A0-54F5BDF77478}.Debug|Any CPU.ActiveCfg = Debug|Any CPU
		{47566E11-D154-4526-A1A0-54F5BDF77478}.Debug|Any CPU.Build.0 = Debug|Any CPU
		{47566E11-D154-4526-A1A0-54F5BDF77478}.Release|Any CPU.ActiveCfg = Release|Any CPU
		{47566E11-D154-4526-A1A0-54F5BDF77478}.Release|Any CPU.Build.0 = Release|Any CPU
		{DE4A8BAF-5B40-4905-A802-B132863DDACE}.Debug|Any CPU.ActiveCfg = Debug|Any CPU
		{DE4A8BAF-5B40-4905-A802-B132863DDACE}.Debug|Any CPU.Build.0 = Debug|Any CPU
		{DE4A8BAF-5B40-4905-A802-B132863DDACE}.Release|Any CPU.ActiveCfg = Release|Any CPU
		{DE4A8BAF-5B40-4905-A802-B132863DDACE}.Release|Any CPU.Build.0 = Release|Any CPU
	EndGlobalSection
	GlobalSection(SolutionProperties) = preSolution
		HideSolutionNode = FALSE
	EndGlobalSection
	GlobalSection(ExtensibilityGlobals) = postSolution
		SolutionGuid = {AF20F662-B673-4306-8D5B-6C1D0091F02B}
	EndGlobalSection
EndGlobal
